// !$*UTF8*$!
{
	archiveVersion = 1;
	classes = {
	};
	objectVersion = 56;
	objects = {

/* Begin PBXBuildFile section */
		3567E7062965FBF800742F33 /* StoreAPIApp.swift in Sources */ = {isa = PBXBuildFile; fileRef = 3567E7052965FBF800742F33 /* StoreAPIApp.swift */; };
		3567E70A2965FBF800742F33 /* Assets.xcassets in Resources */ = {isa = PBXBuildFile; fileRef = 3567E7092965FBF800742F33 /* Assets.xcassets */; };
		3567E70D2965FBF800742F33 /* Preview Assets.xcassets in Resources */ = {isa = PBXBuildFile; fileRef = 3567E70C2965FBF800742F33 /* Preview Assets.xcassets */; };
		3567E7172965FC7E00742F33 /* URL+Extensions.swift in Sources */ = {isa = PBXBuildFile; fileRef = 3567E7162965FC7E00742F33 /* URL+Extensions.swift */; };
		3567E7192965FE3200742F33 /* StoreHTTPClient.swift in Sources */ = {isa = PBXBuildFile; fileRef = 3567E7182965FE3200742F33 /* StoreHTTPClient.swift */; };
		3567E71B2965FEA200742F33 /* Category.swift in Sources */ = {isa = PBXBuildFile; fileRef = 3567E71A2965FEA200742F33 /* Category.swift */; };
		3567E71D2966010500742F33 /* StoreModel.swift in Sources */ = {isa = PBXBuildFile; fileRef = 3567E71C2966010500742F33 /* StoreModel.swift */; };
		3567E7202966022700742F33 /* CategoryListScreen.swift in Sources */ = {isa = PBXBuildFile; fileRef = 3567E71F2966022700742F33 /* CategoryListScreen.swift */; };
		359D2C9E296696DD002A6253 /* Product.swift in Sources */ = {isa = PBXBuildFile; fileRef = 359D2C9D296696DD002A6253 /* Product.swift */; };
		359D2CA029669C22002A6253 /* ProductListScreen.swift in Sources */ = {isa = PBXBuildFile; fileRef = 359D2C9F29669C22002A6253 /* ProductListScreen.swift */; };
		359D2CA32966A253002A6253 /* ProductCellView.swift in Sources */ = {isa = PBXBuildFile; fileRef = 359D2CA22966A253002A6253 /* ProductCellView.swift */; };
		359D2CA52966A863002A6253 /* Locale+Extensions.swift in Sources */ = {isa = PBXBuildFile; fileRef = 359D2CA42966A863002A6253 /* Locale+Extensions.swift */; };
		359D2CA72966B938002A6253 /* AddProductScreen.swift in Sources */ = {isa = PBXBuildFile; fileRef = 359D2CA62966B938002A6253 /* AddProductScreen.swift */; };
		359D2CA92966BEA8002A6253 /* CreateProductRequest.swift in Sources */ = {isa = PBXBuildFile; fileRef = 359D2CA82966BEA8002A6253 /* CreateProductRequest.swift */; };
		35D7F7BA296715E200F03D0F /* ProductDetailScreen.swift in Sources */ = {isa = PBXBuildFile; fileRef = 35D7F7B9296715E200F03D0F /* ProductDetailScreen.swift */; };
/* End PBXBuildFile section */

/* Begin PBXFileReference section */
		3567E7022965FBF800742F33 /* StoreAPI.app */ = {isa = PBXFileReference; explicitFileType = wrapper.application; includeInIndex = 0; path = StoreAPI.app; sourceTree = BUILT_PRODUCTS_DIR; };
		3567E7052965FBF800742F33 /* StoreAPIApp.swift */ = {isa = PBXFileReference; lastKnownFileType = sourcecode.swift; path = StoreAPIApp.swift; sourceTree = "<group>"; };
		3567E7092965FBF800742F33 /* Assets.xcassets */ = {isa = PBXFileReference; lastKnownFileType = folder.assetcatalog; path = Assets.xcassets; sourceTree = "<group>"; };
		3567E70C2965FBF800742F33 /* Preview Assets.xcassets */ = {isa = PBXFileReference; lastKnownFileType = folder.assetcatalog; path = "Preview Assets.xcassets"; sourceTree = "<group>"; };
		3567E7162965FC7E00742F33 /* URL+Extensions.swift */ = {isa = PBXFileReference; lastKnownFileType = sourcecode.swift; path = "URL+Extensions.swift"; sourceTree = "<group>"; };
		3567E7182965FE3200742F33 /* StoreHTTPClient.swift */ = {isa = PBXFileReference; lastKnownFileType = sourcecode.swift; path = StoreHTTPClient.swift; sourceTree = "<group>"; };
		3567E71A2965FEA200742F33 /* Category.swift */ = {isa = PBXFileReference; lastKnownFileType = sourcecode.swift; path = Category.swift; sourceTree = "<group>"; };
		3567E71C2966010500742F33 /* StoreModel.swift */ = {isa = PBXFileReference; lastKnownFileType = sourcecode.swift; path = StoreModel.swift; sourceTree = "<group>"; };
		3567E71F2966022700742F33 /* CategoryListScreen.swift */ = {isa = PBXFileReference; lastKnownFileType = sourcecode.swift; path = CategoryListScreen.swift; sourceTree = "<group>"; };
		359D2C9D296696DD002A6253 /* Product.swift */ = {isa = PBXFileReference; lastKnownFileType = sourcecode.swift; path = Product.swift; sourceTree = "<group>"; };
		359D2C9F29669C22002A6253 /* ProductListScreen.swift */ = {isa = PBXFileReference; lastKnownFileType = sourcecode.swift; path = ProductListScreen.swift; sourceTree = "<group>"; };
		359D2CA22966A253002A6253 /* ProductCellView.swift */ = {isa = PBXFileReference; lastKnownFileType = sourcecode.swift; path = ProductCellView.swift; sourceTree = "<group>"; };
		359D2CA42966A863002A6253 /* Locale+Extensions.swift */ = {isa = PBXFileReference; lastKnownFileType = sourcecode.swift; path = "Locale+Extensions.swift"; sourceTree = "<group>"; };
		359D2CA62966B938002A6253 /* AddProductScreen.swift */ = {isa = PBXFileReference; lastKnownFileType = sourcecode.swift; path = AddProductScreen.swift; sourceTree = "<group>"; };
		359D2CA82966BEA8002A6253 /* CreateProductRequest.swift */ = {isa = PBXFileReference; lastKnownFileType = sourcecode.swift; path = CreateProductRequest.swift; sourceTree = "<group>"; };
		35D7F7B9296715E200F03D0F /* ProductDetailScreen.swift */ = {isa = PBXFileReference; lastKnownFileType = sourcecode.swift; path = ProductDetailScreen.swift; sourceTree = "<group>"; };
/* End PBXFileReference section */

/* Begin PBXFrameworksBuildPhase section */
		3567E6FF2965FBF800742F33 /* Frameworks */ = {
			isa = PBXFrameworksBuildPhase;
			buildActionMask = 2147483647;
			files = (
			);
			runOnlyForDeploymentPostprocessing = 0;
		};
/* End PBXFrameworksBuildPhase section */

/* Begin PBXGroup section */
		3567E6F92965FBF800742F33 = {
			isa = PBXGroup;
			children = (
				3567E7042965FBF800742F33 /* StoreAPI */,
				3567E7032965FBF800742F33 /* Products */,
			);
			sourceTree = "<group>";
		};
		3567E7032965FBF800742F33 /* Products */ = {
			isa = PBXGroup;
			children = (
				3567E7022965FBF800742F33 /* StoreAPI.app */,
			);
			name = Products;
			sourceTree = "<group>";
		};
		3567E7042965FBF800742F33 /* StoreAPI */ = {
			isa = PBXGroup;
			children = (
				359D2CA12966A24A002A6253 /* View */,
				3567E71E2966021500742F33 /* Screens */,
				3567E7152965FC6A00742F33 /* Models */,
				3567E7142965FC6900742F33 /* Clients */,
				3567E7132965FC6700742F33 /* Extensions */,
				3567E7052965FBF800742F33 /* StoreAPIApp.swift */,
				3567E7092965FBF800742F33 /* Assets.xcassets */,
				3567E70B2965FBF800742F33 /* Preview Content */,
			);
			path = StoreAPI;
			sourceTree = "<group>";
		};
		3567E70B2965FBF800742F33 /* Preview Content */ = {
			isa = PBXGroup;
			children = (
				3567E70C2965FBF800742F33 /* Preview Assets.xcassets */,
			);
			path = "Preview Content";
			sourceTree = "<group>";
		};
		3567E7132965FC6700742F33 /* Extensions */ = {
			isa = PBXGroup;
			children = (
				3567E7162965FC7E00742F33 /* URL+Extensions.swift */,
				359D2CA42966A863002A6253 /* Locale+Extensions.swift */,
			);
			path = Extensions;
			sourceTree = "<group>";
		};
		3567E7142965FC6900742F33 /* Clients */ = {
			isa = PBXGroup;
			children = (
				3567E7182965FE3200742F33 /* StoreHTTPClient.swift */,
			);
			path = Clients;
			sourceTree = "<group>";
		};
		3567E7152965FC6A00742F33 /* Models */ = {
			isa = PBXGroup;
			children = (
				3567E71A2965FEA200742F33 /* Category.swift */,
				3567E71C2966010500742F33 /* StoreModel.swift */,
				359D2C9D296696DD002A6253 /* Product.swift */,
				359D2CA82966BEA8002A6253 /* CreateProductRequest.swift */,
			);
			path = Models;
			sourceTree = "<group>";
		};
		3567E71E2966021500742F33 /* Screens */ = {
			isa = PBXGroup;
			children = (
				3567E71F2966022700742F33 /* CategoryListScreen.swift */,
				359D2C9F29669C22002A6253 /* ProductListScreen.swift */,
				359D2CA62966B938002A6253 /* AddProductScreen.swift */,
				35D7F7B9296715E200F03D0F /* ProductDetailScreen.swift */,
			);
			path = Screens;
			sourceTree = "<group>";
		};
		359D2CA12966A24A002A6253 /* View */ = {
			isa = PBXGroup;
			children = (
				359D2CA22966A253002A6253 /* ProductCellView.swift */,
			);
			path = View;
			sourceTree = "<group>";
		};
/* End PBXGroup section */

/* Begin PBXNativeTarget section */
		3567E7012965FBF800742F33 /* StoreAPI */ = {
			isa = PBXNativeTarget;
			buildConfigurationList = 3567E7102965FBF800742F33 /* Build configuration list for PBXNativeTarget "StoreAPI" */;
			buildPhases = (
				3567E6FE2965FBF800742F33 /* Sources */,
				3567E6FF2965FBF800742F33 /* Frameworks */,
				3567E7002965FBF800742F33 /* Resources */,
			);
			buildRules = (
			);
			dependencies = (
			);
			name = StoreAPI;
			productName = StoreAPI;
			productReference = 3567E7022965FBF800742F33 /* StoreAPI.app */;
			productType = "com.apple.product-type.application";
		};
/* End PBXNativeTarget section */

/* Begin PBXProject section */
		3567E6FA2965FBF800742F33 /* Project object */ = {
			isa = PBXProject;
			attributes = {
				BuildIndependentTargetsInParallel = 1;
				LastSwiftUpdateCheck = 1420;
				LastUpgradeCheck = 1420;
				TargetAttributes = {
					3567E7012965FBF800742F33 = {
						CreatedOnToolsVersion = 14.2;
					};
				};
			};
			buildConfigurationList = 3567E6FD2965FBF800742F33 /* Build configuration list for PBXProject "StoreAPI" */;
			compatibilityVersion = "Xcode 14.0";
			developmentRegion = en;
			hasScannedForEncodings = 0;
			knownRegions = (
				en,
				Base,
			);
			mainGroup = 3567E6F92965FBF800742F33;
			productRefGroup = 3567E7032965FBF800742F33 /* Products */;
			projectDirPath = "";
			projectRoot = "";
			targets = (
				3567E7012965FBF800742F33 /* StoreAPI */,
			);
		};
/* End PBXProject section */

/* Begin PBXResourcesBuildPhase section */
		3567E7002965FBF800742F33 /* Resources */ = {
			isa = PBXResourcesBuildPhase;
			buildActionMask = 2147483647;
			files = (
				3567E70D2965FBF800742F33 /* Preview Assets.xcassets in Resources */,
				3567E70A2965FBF800742F33 /* Assets.xcassets in Resources */,
			);
			runOnlyForDeploymentPostprocessing = 0;
		};
/* End PBXResourcesBuildPhase section */

/* Begin PBXSourcesBuildPhase section */
		3567E6FE2965FBF800742F33 /* Sources */ = {
			isa = PBXSourcesBuildPhase;
			buildActionMask = 2147483647;
			files = (
				35D7F7BA296715E200F03D0F /* ProductDetailScreen.swift in Sources */,
				3567E7192965FE3200742F33 /* StoreHTTPClient.swift in Sources */,
				359D2CA32966A253002A6253 /* ProductCellView.swift in Sources */,
				3567E71B2965FEA200742F33 /* Category.swift in Sources */,
				359D2CA92966BEA8002A6253 /* CreateProductRequest.swift in Sources */,
				3567E7172965FC7E00742F33 /* URL+Extensions.swift in Sources */,
				359D2CA72966B938002A6253 /* AddProductScreen.swift in Sources */,
				3567E7062965FBF800742F33 /* StoreAPIApp.swift in Sources */,
				3567E7202966022700742F33 /* CategoryListScreen.swift in Sources */,
				3567E71D2966010500742F33 /* StoreModel.swift in Sources */,
				359D2C9E296696DD002A6253 /* Product.swift in Sources */,
				359D2CA029669C22002A6253 /* ProductListScreen.swift in Sources */,
				359D2CA52966A863002A6253 /* Locale+Extensions.swift in Sources */,
			);
			runOnlyForDeploymentPostprocessing = 0;
		};
/* End PBXSourcesBuildPhase section */

/* Begin XCBuildConfiguration section */
		3567E70E2965FBF800742F33 /* Debug */ = {
			isa = XCBuildConfiguration;
			buildSettings = {
				ALWAYS_SEARCH_USER_PATHS = NO;
				CLANG_ANALYZER_NONNULL = YES;
				CLANG_ANALYZER_NUMBER_OBJECT_CONVERSION = YES_AGGRESSIVE;
				CLANG_CXX_LANGUAGE_STANDARD = "gnu++20";
				CLANG_ENABLE_MODULES = YES;
				CLANG_ENABLE_OBJC_ARC = YES;
				CLANG_ENABLE_OBJC_WEAK = YES;
				CLANG_WARN_BLOCK_CAPTURE_AUTORELEASING = YES;
				CLANG_WARN_BOOL_CONVERSION = YES;
				CLANG_WARN_COMMA = YES;
				CLANG_WARN_CONSTANT_CONVERSION = YES;
				CLANG_WARN_DEPRECATED_OBJC_IMPLEMENTATIONS = YES;
				CLANG_WARN_DIRECT_OBJC_ISA_USAGE = YES_ERROR;
				CLANG_WARN_DOCUMENTATION_COMMENTS = YES;
				CLANG_WARN_EMPTY_BODY = YES;
				CLANG_WARN_ENUM_CONVERSION = YES;
				CLANG_WARN_INFINITE_RECURSION = YES;
				CLANG_WARN_INT_CONVERSION = YES;
				CLANG_WARN_NON_LITERAL_NULL_CONVERSION = YES;
				CLANG_WARN_OBJC_IMPLICIT_RETAIN_SELF = YES;
				CLANG_WARN_OBJC_LITERAL_CONVERSION = YES;
				CLANG_WARN_OBJC_ROOT_CLASS = YES_ERROR;
				CLANG_WARN_QUOTED_INCLUDE_IN_FRAMEWORK_HEADER = YES;
				CLANG_WARN_RANGE_LOOP_ANALYSIS = YES;
				CLANG_WARN_STRICT_PROTOTYPES = YES;
				CLANG_WARN_SUSPICIOUS_MOVE = YES;
				CLANG_WARN_UNGUARDED_AVAILABILITY = YES_AGGRESSIVE;
				CLANG_WARN_UNREACHABLE_CODE = YES;
				CLANG_WARN__DUPLICATE_METHOD_MATCH = YES;
				COPY_PHASE_STRIP = NO;
				DEBUG_INFORMATION_FORMAT = dwarf;
				ENABLE_STRICT_OBJC_MSGSEND = YES;
				ENABLE_TESTABILITY = YES;
				GCC_C_LANGUAGE_STANDARD = gnu11;
				GCC_DYNAMIC_NO_PIC = NO;
				GCC_NO_COMMON_BLOCKS = YES;
				GCC_OPTIMIZATION_LEVEL = 0;
				GCC_PREPROCESSOR_DEFINITIONS = (
					"DEBUG=1",
					"$(inherited)",
				);
				GCC_WARN_64_TO_32_BIT_CONVERSION = YES;
				GCC_WARN_ABOUT_RETURN_TYPE = YES_ERROR;
				GCC_WARN_UNDECLARED_SELECTOR = YES;
				GCC_WARN_UNINITIALIZED_AUTOS = YES_AGGRESSIVE;
				GCC_WARN_UNUSED_FUNCTION = YES;
				GCC_WARN_UNUSED_VARIABLE = YES;
				IPHONEOS_DEPLOYMENT_TARGET = 16.2;
				MTL_ENABLE_DEBUG_INFO = INCLUDE_SOURCE;
				MTL_FAST_MATH = YES;
				ONLY_ACTIVE_ARCH = YES;
				SDKROOT = iphoneos;
				SWIFT_ACTIVE_COMPILATION_CONDITIONS = DEBUG;
				SWIFT_OPTIMIZATION_LEVEL = "-Onone";
			};
			name = Debug;
		};
		3567E70F2965FBF800742F33 /* Release */ = {
			isa = XCBuildConfiguration;
			buildSettings = {
				ALWAYS_SEARCH_USER_PATHS = NO;
				CLANG_ANALYZER_NONNULL = YES;
				CLANG_ANALYZER_NUMBER_OBJECT_CONVERSION = YES_AGGRESSIVE;
				CLANG_CXX_LANGUAGE_STANDARD = "gnu++20";
				CLANG_ENABLE_MODULES = YES;
				CLANG_ENABLE_OBJC_ARC = YES;
				CLANG_ENABLE_OBJC_WEAK = YES;
				CLANG_WARN_BLOCK_CAPTURE_AUTORELEASING = YES;
				CLANG_WARN_BOOL_CONVERSION = YES;
				CLANG_WARN_COMMA = YES;
				CLANG_WARN_CONSTANT_CONVERSION = YES;
				CLANG_WARN_DEPRECATED_OBJC_IMPLEMENTATIONS = YES;
				CLANG_WARN_DIRECT_OBJC_ISA_USAGE = YES_ERROR;
				CLANG_WARN_DOCUMENTATION_COMMENTS = YES;
				CLANG_WARN_EMPTY_BODY = YES;
				CLANG_WARN_ENUM_CONVERSION = YES;
				CLANG_WARN_INFINITE_RECURSION = YES;
				CLANG_WARN_INT_CONVERSION = YES;
				CLANG_WARN_NON_LITERAL_NULL_CONVERSION = YES;
				CLANG_WARN_OBJC_IMPLICIT_RETAIN_SELF = YES;
				CLANG_WARN_OBJC_LITERAL_CONVERSION = YES;
				CLANG_WARN_OBJC_ROOT_CLASS = YES_ERROR;
				CLANG_WARN_QUOTED_INCLUDE_IN_FRAMEWORK_HEADER = YES;
				CLANG_WARN_RANGE_LOOP_ANALYSIS = YES;
				CLANG_WARN_STRICT_PROTOTYPES = YES;
				CLANG_WARN_SUSPICIOUS_MOVE = YES;
				CLANG_WARN_UNGUARDED_AVAILABILITY = YES_AGGRESSIVE;
				CLANG_WARN_UNREACHABLE_CODE = YES;
				CLANG_WARN__DUPLICATE_METHOD_MATCH = YES;
				COPY_PHASE_STRIP = NO;
				DEBUG_INFORMATION_FORMAT = "dwarf-with-dsym";
				ENABLE_NS_ASSERTIONS = NO;
				ENABLE_STRICT_OBJC_MSGSEND = YES;
				GCC_C_LANGUAGE_STANDARD = gnu11;
				GCC_NO_COMMON_BLOCKS = YES;
				GCC_WARN_64_TO_32_BIT_CONVERSION = YES;
				GCC_WARN_ABOUT_RETURN_TYPE = YES_ERROR;
				GCC_WARN_UNDECLARED_SELECTOR = YES;
				GCC_WARN_UNINITIALIZED_AUTOS = YES_AGGRESSIVE;
				GCC_WARN_UNUSED_FUNCTION = YES;
				GCC_WARN_UNUSED_VARIABLE = YES;
				IPHONEOS_DEPLOYMENT_TARGET = 16.2;
				MTL_ENABLE_DEBUG_INFO = NO;
				MTL_FAST_MATH = YES;
				SDKROOT = iphoneos;
				SWIFT_COMPILATION_MODE = wholemodule;
				SWIFT_OPTIMIZATION_LEVEL = "-O";
				VALIDATE_PRODUCT = YES;
			};
			name = Release;
		};
		3567E7112965FBF800742F33 /* Debug */ = {
			isa = XCBuildConfiguration;
			buildSettings = {
				ASSETCATALOG_COMPILER_APPICON_NAME = AppIcon;
				ASSETCATALOG_COMPILER_GLOBAL_ACCENT_COLOR_NAME = AccentColor;
				CODE_SIGN_STYLE = Automatic;
				CURRENT_PROJECT_VERSION = 1;
				DEVELOPMENT_ASSET_PATHS = "\"StoreAPI/Preview Content\"";
				DEVELOPMENT_TEAM = 734G6V9GXJ;
				ENABLE_PREVIEWS = YES;
				GENERATE_INFOPLIST_FILE = YES;
				INFOPLIST_KEY_UIApplicationSceneManifest_Generation = YES;
				INFOPLIST_KEY_UIApplicationSupportsIndirectInputEvents = YES;
				INFOPLIST_KEY_UILaunchScreen_Generation = YES;
				INFOPLIST_KEY_UISupportedInterfaceOrientations_iPad = "UIInterfaceOrientationPortrait UIInterfaceOrientationPortraitUpsideDown UIInterfaceOrientationLandscapeLeft UIInterfaceOrientationLandscapeRight";
				INFOPLIST_KEY_UISupportedInterfaceOrientations_iPhone = "UIInterfaceOrientationPortrait UIInterfaceOrientationLandscapeLeft UIInterfaceOrientationLandscapeRight";
				LD_RUNPATH_SEARCH_PATHS = (
					"$(inherited)",
					"@executable_path/Frameworks",
				);
				MARKETING_VERSION = 1.0;
				PRODUCT_BUNDLE_IDENTIFIER = com.rumenguin.StoreAPI;
				PRODUCT_NAME = "$(TARGET_NAME)";
				SWIFT_EMIT_LOC_STRINGS = YES;
				SWIFT_VERSION = 5.0;
				TARGETED_DEVICE_FAMILY = "1,2";
			};
			name = Debug;
		};
		3567E7122965FBF800742F33 /* Release */ = {
			isa = XCBuildConfiguration;
			buildSettings = {
				ASSETCATALOG_COMPILER_APPICON_NAME = AppIcon;
				ASSETCATALOG_COMPILER_GLOBAL_ACCENT_COLOR_NAME = AccentColor;
				CODE_SIGN_STYLE = Automatic;
				CURRENT_PROJECT_VERSION = 1;
				DEVELOPMENT_ASSET_PATHS = "\"StoreAPI/Preview Content\"";
				DEVELOPMENT_TEAM = 734G6V9GXJ;
				ENABLE_PREVIEWS = YES;
				GENERATE_INFOPLIST_FILE = YES;
				INFOPLIST_KEY_UIApplicationSceneManifest_Generation = YES;
				INFOPLIST_KEY_UIApplicationSupportsIndirectInputEvents = YES;
				INFOPLIST_KEY_UILaunchScreen_Generation = YES;
				INFOPLIST_KEY_UISupportedInterfaceOrientations_iPad = "UIInterfaceOrientationPortrait UIInterfaceOrientationPortraitUpsideDown UIInterfaceOrientationLandscapeLeft UIInterfaceOrientationLandscapeRight";
				INFOPLIST_KEY_UISupportedInterfaceOrientations_iPhone = "UIInterfaceOrientationPortrait UIInterfaceOrientationLandscapeLeft UIInterfaceOrientationLandscapeRight";
				LD_RUNPATH_SEARCH_PATHS = (
					"$(inherited)",
					"@executable_path/Frameworks",
				);
				MARKETING_VERSION = 1.0;
				PRODUCT_BUNDLE_IDENTIFIER = com.rumenguin.StoreAPI;
				PRODUCT_NAME = "$(TARGET_NAME)";
				SWIFT_EMIT_LOC_STRINGS = YES;
				SWIFT_VERSION = 5.0;
				TARGETED_DEVICE_FAMILY = "1,2";
			};
			name = Release;
		};
/* End XCBuildConfiguration section */

/* Begin XCConfigurationList section */
		3567E6FD2965FBF800742F33 /* Build configuration list for PBXProject "StoreAPI" */ = {
			isa = XCConfigurationList;
			buildConfigurations = (
				3567E70E2965FBF800742F33 /* Debug */,
				3567E70F2965FBF800742F33 /* Release */,
			);
			defaultConfigurationIsVisible = 0;
			defaultConfigurationName = Release;
		};
		3567E7102965FBF800742F33 /* Build configuration list for PBXNativeTarget "StoreAPI" */ = {
			isa = XCConfigurationList;
			buildConfigurations = (
				3567E7112965FBF800742F33 /* Debug */,
				3567E7122965FBF800742F33 /* Release */,
			);
			defaultConfigurationIsVisible = 0;
			defaultConfigurationName = Release;
		};
/* End XCConfigurationList section */
	};
	rootObject = 3567E6FA2965FBF800742F33 /* Project object */;
}
